
Microsoft Visual Studio Solution File, Format Version 12.00
# Visual Studio Version 16
VisualStudioVersion = 16.0.31321.278
MinimumVisualStudioVersion = 10.0.40219.1
Project("{8BC9CEB8-8B4A-11D0-8D11-00A0C91BC942}") = "WMI_ProcessMon", "WMI_ProcessMon\WMI_ProcessMon.vcxproj", "{67487D32-F4A0-4E64-8245-7A73FC7345FD}"
EndProject
Project("{8BC9CEB8-8B4A-11D0-8D11-00A0C91BC942}") = "ServiceDownLoaderH", "ServiceDownLoaderH\ServiceDownLoaderH.vcxproj", "{21AC3E4D-B5F6-4F03-9BC6-BD7948E61B24}"
EndProject
Global
	GlobalSection(SolutionConfigurationPlatforms) = preSolution
		Debug|Win32 = Debug|Win32
		Debug|x64 = Debug|x64
		Release|Win32 = Release|Win32
		Release|x64 = Release|x64
	EndGlobalSection
	GlobalSection(ProjectConfigurationPlatforms) = postSolution
		{67487D32-F4A0-4E64-8245-7A73FC7345FD}.Debug|Win32.ActiveCfg = Debug|Win32
		{67487D32-F4A0-4E64-8245-7A73FC7345FD}.Debug|Win32.Build.0 = Debug|Win32
		{67487D32-F4A0-4E64-8245-7A73FC7345FD}.Debug|x64.ActiveCfg = Debug|x64
		{67487D32-F4A0-4E64-8245-7A73FC7345FD}.Debug|x64.Build.0 = Debug|x64
		{67487D32-F4A0-4E64-8245-7A73FC7345FD}.Release|Win32.ActiveCfg = Release|Win32
		{67487D32-F4A0-4E64-8245-7A73FC7345FD}.Release|Win32.Build.0 = Release|Win32
		{67487D32-F4A0-4E64-8245-7A73FC7345FD}.Release|x64.ActiveCfg = Release|x64
		{67487D32-F4A0-4E64-8245-7A73FC7345FD}.Release|x64.Build.0 = Release|x64
		{21AC3E4D-B5F6-4F03-9BC6-BD7948E61B24}.Debug|Win32.ActiveCfg = Debug|Win32
		{21AC3E4D-B5F6-4F03-9BC6-BD7948E61B24}.Debug|Win32.Build.0 = Debug|Win32
		{21AC3E4D-B5F6-4F03-9BC6-BD7948E61B24}.Debug|x64.ActiveCfg = Debug|x64
		{21AC3E4D-B5F6-4F03-9BC6-BD7948E61B24}.Debug|x64.Build.0 = Debug|x64
		{21AC3E4D-B5F6-4F03-9BC6-BD7948E61B24}.Release|Win32.ActiveCfg = Release|Win32
		{21AC3E4D-B5F6-4F03-9BC6-BD7948E61B24}.Release|Win32.Build.0 = Release|Win32
		{21AC3E4D-B5F6-4F03-9BC6-BD7948E61B24}.Release|x64.ActiveCfg = Release|x64
		{21AC3E4D-B5F6-4F03-9BC6-BD7948E61B24}.Release|x64.Build.0 = Release|x64
	EndGlobalSection
	GlobalSection(SolutionProperties) = preSolution
		HideSolutionNode = FALSE
	EndGlobalSection
	GlobalSection(ExtensibilityGlobals) = postSolution
		SolutionGuid = {1FFA2A23-276F-4F73-8E35-FCD5D5487D60}
	EndGlobalSection
EndGlobal
